// !$*UTF8*$!
{
	archiveVersion = 1;
	classes = {
	};
	objectVersion = 50;
	objects = {

/* Begin PBXBuildFile section */
		957A9AC6235828FA00899DF3 /* AppDelegate.swift in Sources */ = {isa = PBXBuildFile; fileRef = 957A9AC5235828FA00899DF3 /* AppDelegate.swift */; };
		957A9AC8235828FA00899DF3 /* GameScene.sks in Resources */ = {isa = PBXBuildFile; fileRef = 957A9AC7235828FA00899DF3 /* GameScene.sks */; };
		957A9ACA235828FB00899DF3 /* Actions.sks in Resources */ = {isa = PBXBuildFile; fileRef = 957A9AC9235828FB00899DF3 /* Actions.sks */; };
		957A9ACC235828FB00899DF3 /* GameScene.swift in Sources */ = {isa = PBXBuildFile; fileRef = 957A9ACB235828FB00899DF3 /* GameScene.swift */; };
		957A9ACE235828FB00899DF3 /* GameViewController.swift in Sources */ = {isa = PBXBuildFile; fileRef = 957A9ACD235828FB00899DF3 /* GameViewController.swift */; };
		957A9AD1235828FB00899DF3 /* Main.storyboard in Resources */ = {isa = PBXBuildFile; fileRef = 957A9ACF235828FB00899DF3 /* Main.storyboard */; };
		957A9AD32358290000899DF3 /* Assets.xcassets in Resources */ = {isa = PBXBuildFile; fileRef = 957A9AD22358290000899DF3 /* Assets.xcassets */; };
		957A9AD62358290000899DF3 /* LaunchScreen.storyboard in Resources */ = {isa = PBXBuildFile; fileRef = 957A9AD42358290000899DF3 /* LaunchScreen.storyboard */; };
		957A9AE02358FC7A00899DF3 /* ACTPlayerStats.swift in Sources */ = {isa = PBXBuildFile; fileRef = 957A9ADF2358FC7A00899DF3 /* ACTPlayerStats.swift */; };
		957A9AE22358FED200899DF3 /* BackgroundMusic.mp3 in Resources */ = {isa = PBXBuildFile; fileRef = 957A9AE12358FED200899DF3 /* BackgroundMusic.mp3 */; };
		957A9AE42358FEE700899DF3 /* Tap.wav in Resources */ = {isa = PBXBuildFile; fileRef = 957A9AE32358FEE700899DF3 /* Tap.wav */; };
/* End PBXBuildFile section */

/* Begin PBXFileReference section */
		957A9AC2235828FA00899DF3 /* spriteKitTemplate.app */ = {isa = PBXFileReference; explicitFileType = wrapper.application; includeInIndex = 0; path = spriteKitTemplate.app; sourceTree = BUILT_PRODUCTS_DIR; };
		957A9AC5235828FA00899DF3 /* AppDelegate.swift */ = {isa = PBXFileReference; lastKnownFileType = sourcecode.swift; path = AppDelegate.swift; sourceTree = "<group>"; };
		957A9AC7235828FA00899DF3 /* GameScene.sks */ = {isa = PBXFileReference; lastKnownFileType = file.sks; path = GameScene.sks; sourceTree = "<group>"; };
		957A9AC9235828FB00899DF3 /* Actions.sks */ = {isa = PBXFileReference; lastKnownFileType = file.sks; path = Actions.sks; sourceTree = "<group>"; };
		957A9ACB235828FB00899DF3 /* GameScene.swift */ = {isa = PBXFileReference; lastKnownFileType = sourcecode.swift; path = GameScene.swift; sourceTree = "<group>"; };
		957A9ACD235828FB00899DF3 /* GameViewController.swift */ = {isa = PBXFileReference; lastKnownFileType = sourcecode.swift; path = GameViewController.swift; sourceTree = "<group>"; };
		957A9AD0235828FB00899DF3 /* Base */ = {isa = PBXFileReference; lastKnownFileType = file.storyboard; name = Base; path = Base.lproj/Main.storyboard; sourceTree = "<group>"; };
		957A9AD22358290000899DF3 /* Assets.xcassets */ = {isa = PBXFileReference; lastKnownFileType = folder.assetcatalog; path = Assets.xcassets; sourceTree = "<group>"; };
		957A9AD52358290000899DF3 /* Base */ = {isa = PBXFileReference; lastKnownFileType = file.storyboard; name = Base; path = Base.lproj/LaunchScreen.storyboard; sourceTree = "<group>"; };
		957A9AD72358290000899DF3 /* Info.plist */ = {isa = PBXFileReference; lastKnownFileType = text.plist.xml; path = Info.plist; sourceTree = "<group>"; };
		957A9ADF2358FC7A00899DF3 /* ACTPlayerStats.swift */ = {isa = PBXFileReference; lastKnownFileType = sourcecode.swift; path = ACTPlayerStats.swift; sourceTree = "<group>"; };
		957A9AE12358FED200899DF3 /* BackgroundMusic.mp3 */ = {isa = PBXFileReference; lastKnownFileType = audio.mp3; path = BackgroundMusic.mp3; sourceTree = "<group>"; };
		957A9AE32358FEE700899DF3 /* Tap.wav */ = {isa = PBXFileReference; lastKnownFileType = audio.wav; path = Tap.wav; sourceTree = "<group>"; };
/* End PBXFileReference section */

/* Begin PBXFrameworksBuildPhase section */
		957A9ABF235828FA00899DF3 /* Frameworks */ = {
			isa = PBXFrameworksBuildPhase;
			buildActionMask = 2147483647;
			files = (
			);
			runOnlyForDeploymentPostprocessing = 0;
		};
/* End PBXFrameworksBuildPhase section */

/* Begin PBXGroup section */
		957A9AB9235828FA00899DF3 = {
			isa = PBXGroup;
			children = (
				957A9AC4235828FA00899DF3 /* spriteKitTemplate */,
				957A9AC3235828FA00899DF3 /* Products */,
			);
			sourceTree = "<group>";
		};
		957A9AC3235828FA00899DF3 /* Products */ = {
			isa = PBXGroup;
			children = (
				957A9AC2235828FA00899DF3 /* spriteKitTemplate.app */,
			);
			name = Products;
			sourceTree = "<group>";
		};
		957A9AC4235828FA00899DF3 /* spriteKitTemplate */ = {
			isa = PBXGroup;
			children = (
				957A9AC5235828FA00899DF3 /* AppDelegate.swift */,
				957A9AE12358FED200899DF3 /* BackgroundMusic.mp3 */,
				957A9AE32358FEE700899DF3 /* Tap.wav */,
				957A9AC7235828FA00899DF3 /* GameScene.sks */,
				957A9AC9235828FB00899DF3 /* Actions.sks */,
				957A9ACB235828FB00899DF3 /* GameScene.swift */,
				957A9ADF2358FC7A00899DF3 /* ACTPlayerStats.swift */,
				957A9ACD235828FB00899DF3 /* GameViewController.swift */,
				957A9ACF235828FB00899DF3 /* Main.storyboard */,
				957A9AD22358290000899DF3 /* Assets.xcassets */,
				957A9AD42358290000899DF3 /* LaunchScreen.storyboard */,
				957A9AD72358290000899DF3 /* Info.plist */,
			);
			path = spriteKitTemplate;
			sourceTree = "<group>";
		};
/* End PBXGroup section */

/* Begin PBXNativeTarget section */
		957A9AC1235828FA00899DF3 /* spriteKitTemplate */ = {
			isa = PBXNativeTarget;
			buildConfigurationList = 957A9ADA2358290000899DF3 /* Build configuration list for PBXNativeTarget "spriteKitTemplate" */;
			buildPhases = (
				957A9ABE235828FA00899DF3 /* Sources */,
				957A9ABF235828FA00899DF3 /* Frameworks */,
				957A9AC0235828FA00899DF3 /* Resources */,
			);
			buildRules = (
			);
			dependencies = (
			);
			name = spriteKitTemplate;
			productName = spriteKitTemplate;
			productReference = 957A9AC2235828FA00899DF3 /* spriteKitTemplate.app */;
			productType = "com.apple.product-type.application";
		};
/* End PBXNativeTarget section */

/* Begin PBXProject section */
		957A9ABA235828FA00899DF3 /* Project object */ = {
			isa = PBXProject;
			attributes = {
				LastSwiftUpdateCheck = 1100;
				LastUpgradeCheck = 1100;
				ORGANIZATIONNAME = "Tamara Erlij";
				TargetAttributes = {
					957A9AC1235828FA00899DF3 = {
						CreatedOnToolsVersion = 11.0;
					};
				};
			};
			buildConfigurationList = 957A9ABD235828FA00899DF3 /* Build configuration list for PBXProject "spriteKitTemplate" */;
			compatibilityVersion = "Xcode 9.3";
			developmentRegion = en;
			hasScannedForEncodings = 0;
			knownRegions = (
				en,
				Base,
			);
			mainGroup = 957A9AB9235828FA00899DF3;
			productRefGroup = 957A9AC3235828FA00899DF3 /* Products */;
			projectDirPath = "";
			projectRoot = "";
			targets = (
				957A9AC1235828FA00899DF3 /* spriteKitTemplate */,
			);
		};
/* End PBXProject section */

/* Begin PBXResourcesBuildPhase section */
		957A9AC0235828FA00899DF3 /* Resources */ = {
			isa = PBXResourcesBuildPhase;
			buildActionMask = 2147483647;
			files = (
				957A9AE22358FED200899DF3 /* BackgroundMusic.mp3 in Resources */,
				957A9AD1235828FB00899DF3 /* Main.storyboard in Resources */,
				957A9AC8235828FA00899DF3 /* GameScene.sks in Resources */,
				957A9AE42358FEE700899DF3 /* Tap.wav in Resources */,
				957A9AD32358290000899DF3 /* Assets.xcassets in Resources */,
				957A9AD62358290000899DF3 /* LaunchScreen.storyboard in Resources */,
				957A9ACA235828FB00899DF3 /* Actions.sks in Resources */,
			);
			runOnlyForDeploymentPostprocessing = 0;
		};
/* End PBXResourcesBuildPhase section */

/* Begin PBXSourcesBuildPhase section */
		957A9ABE235828FA00899DF3 /* Sources */ = {
			isa = PBXSourcesBuildPhase;
			buildActionMask = 2147483647;
			files = (
				957A9ACC235828FB00899DF3 /* GameScene.swift in Sources */,
				957A9ACE235828FB00899DF3 /* GameViewController.swift in Sources */,
				957A9AC6235828FA00899DF3 /* AppDelegate.swift in Sources */,
				957A9AE02358FC7A00899DF3 /* ACTPlayerStats.swift in Sources */,
			);
			runOnlyForDeploymentPostprocessing = 0;
		};
/* End PBXSourcesBuildPhase section */

/* Begin PBXVariantGroup section */
		957A9ACF235828FB00899DF3 /* Main.storyboard */ = {
			isa = PBXVariantGroup;
			children = (
				957A9AD0235828FB00899DF3 /* Base */,
			);
			name = Main.storyboard;
			sourceTree = "<group>";
		};
		957A9AD42358290000899DF3 /* LaunchScreen.storyboard */ = {
			isa = PBXVariantGroup;
			children = (
				957A9AD52358290000899DF3 /* Base */,
			);
			name = LaunchScreen.storyboard;
			sourceTree = "<group>";
		};
/* End PBXVariantGroup section */

/* Begin XCBuildConfiguration section */
		957A9AD82358290000899DF3 /* Debug */ = {
			isa = XCBuildConfiguration;
			buildSettings = {
				ALWAYS_SEARCH_USER_PATHS = NO;
				CLANG_ANALYZER_NONNULL = YES;
				CLANG_ANALYZER_NUMBER_OBJECT_CONVERSION = YES_AGGRESSIVE;
				CLANG_CXX_LANGUAGE_STANDARD = "gnu++14";
				CLANG_CXX_LIBRARY = "libc++";
				CLANG_ENABLE_MODULES = YES;
				CLANG_ENABLE_OBJC_ARC = YES;
				CLANG_ENABLE_OBJC_WEAK = YES;
				CLANG_WARN_BLOCK_CAPTURE_AUTORELEASING = YES;
				CLANG_WARN_BOOL_CONVERSION = YES;
				CLANG_WARN_COMMA = YES;
				CLANG_WARN_CONSTANT_CONVERSION = YES;
				CLANG_WARN_DEPRECATED_OBJC_IMPLEMENTATIONS = YES;
				CLANG_WARN_DIRECT_OBJC_ISA_USAGE = YES_ERROR;
				CLANG_WARN_DOCUMENTATION_COMMENTS = YES;
				CLANG_WARN_EMPTY_BODY = YES;
				CLANG_WARN_ENUM_CONVERSION = YES;
				CLANG_WARN_INFINITE_RECURSION = YES;
				CLANG_WARN_INT_CONVERSION = YES;
				CLANG_WARN_NON_LITERAL_NULL_CONVERSION = YES;
				CLANG_WARN_OBJC_IMPLICIT_RETAIN_SELF = YES;
				CLANG_WARN_OBJC_LITERAL_CONVERSION = YES;
				CLANG_WARN_OBJC_ROOT_CLASS = YES_ERROR;
				CLANG_WARN_RANGE_LOOP_ANALYSIS = YES;
				CLANG_WARN_STRICT_PROTOTYPES = YES;
				CLANG_WARN_SUSPICIOUS_MOVE = YES;
				CLANG_WARN_UNGUARDED_AVAILABILITY = YES_AGGRESSIVE;
				CLANG_WARN_UNREACHABLE_CODE = YES;
				CLANG_WARN__DUPLICATE_METHOD_MATCH = YES;
				COPY_PHASE_STRIP = NO;
				DEBUG_INFORMATION_FORMAT = dwarf;
				ENABLE_STRICT_OBJC_MSGSEND = YES;
				ENABLE_TESTABILITY = YES;
				GCC_C_LANGUAGE_STANDARD = gnu11;
				GCC_DYNAMIC_NO_PIC = NO;
				GCC_NO_COMMON_BLOCKS = YES;
				GCC_OPTIMIZATION_LEVEL = 0;
				GCC_PREPROCESSOR_DEFINITIONS = (
					"DEBUG=1",
					"$(inherited)",
				);
				GCC_WARN_64_TO_32_BIT_CONVERSION = YES;
				GCC_WARN_ABOUT_RETURN_TYPE = YES_ERROR;
				GCC_WARN_UNDECLARED_SELECTOR = YES;
				GCC_WARN_UNINITIALIZED_AUTOS = YES_AGGRESSIVE;
				GCC_WARN_UNUSED_FUNCTION = YES;
				GCC_WARN_UNUSED_VARIABLE = YES;
				IPHONEOS_DEPLOYMENT_TARGET = 13.0;
				MTL_ENABLE_DEBUG_INFO = INCLUDE_SOURCE;
				MTL_FAST_MATH = YES;
				ONLY_ACTIVE_ARCH = YES;
				SDKROOT = iphoneos;
				SWIFT_ACTIVE_COMPILATION_CONDITIONS = DEBUG;
				SWIFT_OPTIMIZATION_LEVEL = "-Onone";
			};
			name = Debug;
		};
		957A9AD92358290000899DF3 /* Release */ = {
			isa = XCBuildConfiguration;
			buildSettings = {
				ALWAYS_SEARCH_USER_PATHS = NO;
				CLANG_ANALYZER_NONNULL = YES;
				CLANG_ANALYZER_NUMBER_OBJECT_CONVERSION = YES_AGGRESSIVE;
				CLANG_CXX_LANGUAGE_STANDARD = "gnu++14";
				CLANG_CXX_LIBRARY = "libc++";
				CLANG_ENABLE_MODULES = YES;
				CLANG_ENABLE_OBJC_ARC = YES;
				CLANG_ENABLE_OBJC_WEAK = YES;
				CLANG_WARN_BLOCK_CAPTURE_AUTORELEASING = YES;
				CLANG_WARN_BOOL_CONVERSION = YES;
				CLANG_WARN_COMMA = YES;
				CLANG_WARN_CONSTANT_CONVERSION = YES;
				CLANG_WARN_DEPRECATED_OBJC_IMPLEMENTATIONS = YES;
				CLANG_WARN_DIRECT_OBJC_ISA_USAGE = YES_ERROR;
				CLANG_WARN_DOCUMENTATION_COMMENTS = YES;
				CLANG_WARN_EMPTY_BODY = YES;
				CLANG_WARN_ENUM_CONVERSION = YES;
				CLANG_WARN_INFINITE_RECURSION = YES;
				CLANG_WARN_INT_CONVERSION = YES;
				CLANG_WARN_NON_LITERAL_NULL_CONVERSION = YES;
				CLANG_WARN_OBJC_IMPLICIT_RETAIN_SELF = YES;
				CLANG_WARN_OBJC_LITERAL_CONVERSION = YES;
				CLANG_WARN_OBJC_ROOT_CLASS = YES_ERROR;
				CLANG_WARN_RANGE_LOOP_ANALYSIS = YES;
				CLANG_WARN_STRICT_PROTOTYPES = YES;
				CLANG_WARN_SUSPICIOUS_MOVE = YES;
				CLANG_WARN_UNGUARDED_AVAILABILITY = YES_AGGRESSIVE;
				CLANG_WARN_UNREACHABLE_CODE = YES;
				CLANG_WARN__DUPLICATE_METHOD_MATCH = YES;
				COPY_PHASE_STRIP = NO;
				DEBUG_INFORMATION_FORMAT = "dwarf-with-dsym";
				ENABLE_NS_ASSERTIONS = NO;
				ENABLE_STRICT_OBJC_MSGSEND = YES;
				GCC_C_LANGUAGE_STANDARD = gnu11;
				GCC_NO_COMMON_BLOCKS = YES;
				GCC_WARN_64_TO_32_BIT_CONVERSION = YES;
				GCC_WARN_ABOUT_RETURN_TYPE = YES_ERROR;
				GCC_WARN_UNDECLARED_SELECTOR = YES;
				GCC_WARN_UNINITIALIZED_AUTOS = YES_AGGRESSIVE;
				GCC_WARN_UNUSED_FUNCTION = YES;
				GCC_WARN_UNUSED_VARIABLE = YES;
				IPHONEOS_DEPLOYMENT_TARGET = 13.0;
				MTL_ENABLE_DEBUG_INFO = NO;
				MTL_FAST_MATH = YES;
				SDKROOT = iphoneos;
				SWIFT_COMPILATION_MODE = wholemodule;
				SWIFT_OPTIMIZATION_LEVEL = "-O";
				VALIDATE_PRODUCT = YES;
			};
			name = Release;
		};
		957A9ADB2358290000899DF3 /* Debug */ = {
			isa = XCBuildConfiguration;
			buildSettings = {
				ASSETCATALOG_COMPILER_APPICON_NAME = AppIcon;
				CODE_SIGN_STYLE = Automatic;
				DEVELOPMENT_TEAM = 56RTBWDLYU;
				INFOPLIST_FILE = spriteKitTemplate/Info.plist;
				LD_RUNPATH_SEARCH_PATHS = (
					"$(inherited)",
					"@executable_path/Frameworks",
				);
				PRODUCT_BUNDLE_IDENTIFIER = com.TamaraErlij.spriteKitTemplate;
				PRODUCT_NAME = "$(TARGET_NAME)";
				SWIFT_VERSION = 5.0;
				TARGETED_DEVICE_FAMILY = "1,2";
			};
			name = Debug;
		};
		957A9ADC2358290000899DF3 /* Release */ = {
			isa = XCBuildConfiguration;
			buildSettings = {
				ASSETCATALOG_COMPILER_APPICON_NAME = AppIcon;
				CODE_SIGN_STYLE = Automatic;
				DEVELOPMENT_TEAM = 56RTBWDLYU;
				INFOPLIST_FILE = spriteKitTemplate/Info.plist;
				LD_RUNPATH_SEARCH_PATHS = (
					"$(inherited)",
					"@executable_path/Frameworks",
				);
				PRODUCT_BUNDLE_IDENTIFIER = com.TamaraErlij.spriteKitTemplate;
				PRODUCT_NAME = "$(TARGET_NAME)";
				SWIFT_VERSION = 5.0;
				TARGETED_DEVICE_FAMILY = "1,2";
			};
			name = Release;
		};
/* End XCBuildConfiguration section */

/* Begin XCConfigurationList section */
		957A9ABD235828FA00899DF3 /* Build configuration list for PBXProject "spriteKitTemplate" */ = {
			isa = XCConfigurationList;
			buildConfigurations = (
				957A9AD82358290000899DF3 /* Debug */,
				957A9AD92358290000899DF3 /* Release */,
			);
			defaultConfigurationIsVisible = 0;
			defaultConfigurationName = Release;
		};
		957A9ADA2358290000899DF3 /* Build configuration list for PBXNativeTarget "spriteKitTemplate" */ = {
			isa = XCConfigurationList;
			buildConfigurations = (
				957A9ADB2358290000899DF3 /* Debug */,
				957A9ADC2358290000899DF3 /* Release */,
			);
			defaultConfigurationIsVisible = 0;
			defaultConfigurationName = Release;
		};
/* End XCConfigurationList section */
	};
	rootObject = 957A9ABA235828FA00899DF3 /* Project object */;
}
